
Microsoft Visual Studio Solution File, Format Version 12.00
# Visual Studio 15
VisualStudioVersion = 15.0.28010.2046
MinimumVisualStudioVersion = 10.0.40219.1
Project("{FAE04EC0-301F-11D3-BF4B-00C04F79EFBC}") = "UdpListenerLib", "UdpListenerLib\UdpListenerLib.csproj", "{01AE75E8-88F2-4FC6-B223-4D788B16D203}"
EndProject
Project("{FAE04EC0-301F-11D3-BF4B-00C04F79EFBC}") = "UdpListenerLib.Demo.Framework.CLI", "UdpListenerLib.Demo.Framework.CLI\UdpListenerLib.Demo.Framework.CLI.csproj", "{B827F711-121C-402C-AA50-466EBF855A0C}"
EndProject
Project("{FAE04EC0-301F-11D3-BF4B-00C04F79EFBC}") = "UdpListenerLib.Demo.Core.CLI", "UdpListenerLib.Demo.Core.CLI\UdpListenerLib.Demo.Core.CLI.csproj", "{A688CABF-8735-4716-8255-6FDB50A9A072}"
EndProject
Global
	GlobalSection(SolutionConfigurationPlatforms) = preSolution
		Debug|Any CPU = Debug|Any CPU
		Release|Any CPU = Release|Any CPU
	EndGlobalSection
	GlobalSection(ProjectConfigurationPlatforms) = postSolution
		{01AE75E8-88F2-4FC6-B223-4D788B16D203}.Debug|Any CPU.ActiveCfg = Debug|Any CPU
		{01AE75E8-88F2-4FC6-B223-4D788B16D203}.Debug|Any CPU.Build.0 = Debug|Any CPU
		{01AE75E8-88F2-4FC6-B223-4D788B16D203}.Release|Any CPU.ActiveCfg = Release|Any CPU
		{01AE75E8-88F2-4FC6-B223-4D788B16D203}.Release|Any CPU.Build.0 = Release|Any CPU
		{B827F711-121C-402C-AA50-466EBF855A0C}.Debug|Any CPU.ActiveCfg = Debug|Any CPU
		{B827F711-121C-402C-AA50-466EBF855A0C}.Debug|Any CPU.Build.0 = Debug|Any CPU
		{B827F711-121C-402C-AA50-466EBF855A0C}.Release|Any CPU.ActiveCfg = Release|Any CPU
		{B827F711-121C-402C-AA50-466EBF855A0C}.Release|Any CPU.Build.0 = Release|Any CPU
		{A688CABF-8735-4716-8255-6FDB50A9A072}.Debug|Any CPU.ActiveCfg = Debug|Any CPU
		{A688CABF-8735-4716-8255-6FDB50A9A072}.Debug|Any CPU.Build.0 = Debug|Any CPU
		{A688CABF-8735-4716-8255-6FDB50A9A072}.Release|Any CPU.ActiveCfg = Release|Any CPU
		{A688CABF-8735-4716-8255-6FDB50A9A072}.Release|Any CPU.Build.0 = Release|Any CPU
	EndGlobalSection
	GlobalSection(SolutionProperties) = preSolution
		HideSolutionNode = FALSE
	EndGlobalSection
	GlobalSection(ExtensibilityGlobals) = postSolution
		SolutionGuid = {26746F6B-3606-48DD-A054-91DB6B3D4416}
	EndGlobalSection
EndGlobal
